
Microsoft Visual Studio Solution File, Format Version 12.00
# Visual Studio Version 17
VisualStudioVersion = 17.5.33627.172
MinimumVisualStudioVersion = 10.0.40219.1
Project("{2150E333-8FDC-42A3-9474-1A3956D46DE8}") = "Services", "Services", "{B53F25FE-18A1-4154-AA46-59544353120F}"
EndProject
Project("{2150E333-8FDC-42A3-9474-1A3956D46DE8}") = "Catalog", "Catalog", "{D973099C-40E9-49C9-A641-C3D601044F06}"
EndProject
Project("{FAE04EC0-301F-11D3-BF4B-00C04F79EFBC}") = "Catalog.API", "Services\Catalog\Catalog.API\Catalog.API.csproj", "{FEC7C7DA-46AF-4EB8-96E3-C0B6D37B9278}"
EndProject
Global
	GlobalSection(SolutionConfigurationPlatforms) = preSolution
		Debug|Any CPU = Debug|Any CPU
		Release|Any CPU = Release|Any CPU
	EndGlobalSection
	GlobalSection(ProjectConfigurationPlatforms) = postSolution
		{FEC7C7DA-46AF-4EB8-96E3-C0B6D37B9278}.Debug|Any CPU.ActiveCfg = Debug|Any CPU
		{FEC7C7DA-46AF-4EB8-96E3-C0B6D37B9278}.Debug|Any CPU.Build.0 = Debug|Any CPU
		{FEC7C7DA-46AF-4EB8-96E3-C0B6D37B9278}.Release|Any CPU.ActiveCfg = Release|Any CPU
		{FEC7C7DA-46AF-4EB8-96E3-C0B6D37B9278}.Release|Any CPU.Build.0 = Release|Any CPU
	EndGlobalSection
	GlobalSection(SolutionProperties) = preSolution
		HideSolutionNode = FALSE
	EndGlobalSection
	GlobalSection(NestedProjects) = preSolution
		{D973099C-40E9-49C9-A641-C3D601044F06} = {B53F25FE-18A1-4154-AA46-59544353120F}
		{FEC7C7DA-46AF-4EB8-96E3-C0B6D37B9278} = {D973099C-40E9-49C9-A641-C3D601044F06}
	EndGlobalSection
	GlobalSection(ExtensibilityGlobals) = postSolution
		SolutionGuid = {A9853173-16EF-431A-AADD-9EACCC88E02B}
	EndGlobalSection
EndGlobal
